
Microsoft Visual Studio Solution File, Format Version 12.00
# Visual Studio Version 17
VisualStudioVersion = 17.4.33205.214
MinimumVisualStudioVersion = 10.0.40219.1
Project("{FAE04EC0-301F-11D3-BF4B-00C04F79EFBC}") = "WebDbClient", "WebDbClient\WebDbClient.csproj", "{6CAE4A65-BA95-44D8-8FC4-3AAB427ABD9C}"
EndProject
Project("{FAE04EC0-301F-11D3-BF4B-00C04F79EFBC}") = "WebDbServer", "WbDbServer\WebDbServer.csproj", "{E02447C8-FE01-4644-8055-ECA3C90FC81D}"
EndProject
Project("{FAE04EC0-301F-11D3-BF4B-00C04F79EFBC}") = "WebDbLib", "WebDbLib12\WebDbLib.csproj", "{ADD13BF8-1FCE-42B5-A040-69548F0B9E81}"
EndProject
Global
	GlobalSection(SolutionConfigurationPlatforms) = preSolution
		Debug|Any CPU = Debug|Any CPU
		Release|Any CPU = Release|Any CPU
	EndGlobalSection
	GlobalSection(ProjectConfigurationPlatforms) = postSolution
		{6CAE4A65-BA95-44D8-8FC4-3AAB427ABD9C}.Debug|Any CPU.ActiveCfg = Debug|Any CPU
		{6CAE4A65-BA95-44D8-8FC4-3AAB427ABD9C}.Debug|Any CPU.Build.0 = Debug|Any CPU
		{6CAE4A65-BA95-44D8-8FC4-3AAB427ABD9C}.Release|Any CPU.ActiveCfg = Release|Any CPU
		{6CAE4A65-BA95-44D8-8FC4-3AAB427ABD9C}.Release|Any CPU.Build.0 = Release|Any CPU
		{E02447C8-FE01-4644-8055-ECA3C90FC81D}.Debug|Any CPU.ActiveCfg = Debug|Any CPU
		{E02447C8-FE01-4644-8055-ECA3C90FC81D}.Debug|Any CPU.Build.0 = Debug|Any CPU
		{E02447C8-FE01-4644-8055-ECA3C90FC81D}.Release|Any CPU.ActiveCfg = Release|Any CPU
		{E02447C8-FE01-4644-8055-ECA3C90FC81D}.Release|Any CPU.Build.0 = Release|Any CPU
		{ADD13BF8-1FCE-42B5-A040-69548F0B9E81}.Debug|Any CPU.ActiveCfg = Debug|Any CPU
		{ADD13BF8-1FCE-42B5-A040-69548F0B9E81}.Debug|Any CPU.Build.0 = Debug|Any CPU
		{ADD13BF8-1FCE-42B5-A040-69548F0B9E81}.Release|Any CPU.ActiveCfg = Release|Any CPU
		{ADD13BF8-1FCE-42B5-A040-69548F0B9E81}.Release|Any CPU.Build.0 = Release|Any CPU
	EndGlobalSection
	GlobalSection(SolutionProperties) = preSolution
		HideSolutionNode = FALSE
	EndGlobalSection
	GlobalSection(ExtensibilityGlobals) = postSolution
		SolutionGuid = {EA8CE15D-7192-4581-86F2-3EF76213B2F5}
	EndGlobalSection
EndGlobal
